// !$*UTF8*$!
{
	archiveVersion = 1;
	classes = {
	};
	objectVersion = 46;
	objects = {

/* Begin PBXBuildFile section */
		DBC25374190AAC7500F5B394 /* Foundation.framework in Frameworks */ = {isa = PBXBuildFile; fileRef = DBC25373190AAC7500F5B394 /* Foundation.framework */; };
		DBC25376190AAC7500F5B394 /* CoreGraphics.framework in Frameworks */ = {isa = PBXBuildFile; fileRef = DBC25375190AAC7500F5B394 /* CoreGraphics.framework */; };
		DBC25378190AAC7500F5B394 /* UIKit.framework in Frameworks */ = {isa = PBXBuildFile; fileRef = DBC25377190AAC7500F5B394 /* UIKit.framework */; };
		DBC2537E190AAC7500F5B394 /* InfoPlist.strings in Resources */ = {isa = PBXBuildFile; fileRef = DBC2537C190AAC7500F5B394 /* InfoPlist.strings */; };
		DBC25380190AAC7500F5B394 /* main.m in Sources */ = {isa = PBXBuildFile; fileRef = DBC2537F190AAC7500F5B394 /* main.m */; };
		DBC25384190AAC7500F5B394 /* AppDelegate.m in Sources */ = {isa = PBXBuildFile; fileRef = DBC25383190AAC7500F5B394 /* AppDelegate.m */; };
		DBC25387190AAC7500F5B394 /* Main.storyboard in Resources */ = {isa = PBXBuildFile; fileRef = DBC25385190AAC7500F5B394 /* Main.storyboard */; };
		DBC2538A190AAC7500F5B394 /* ViewController.m in Sources */ = {isa = PBXBuildFile; fileRef = DBC25389190AAC7500F5B394 /* ViewController.m */; };
		DBC2538C190AAC7500F5B394 /* Images.xcassets in Resources */ = {isa = PBXBuildFile; fileRef = DBC2538B190AAC7500F5B394 /* Images.xcassets */; };
		DBC25393190AAC7500F5B394 /* XCTest.framework in Frameworks */ = {isa = PBXBuildFile; fileRef = DBC25392190AAC7500F5B394 /* XCTest.framework */; };
		DBC25394190AAC7500F5B394 /* Foundation.framework in Frameworks */ = {isa = PBXBuildFile; fileRef = DBC25373190AAC7500F5B394 /* Foundation.framework */; };
		DBC25395190AAC7500F5B394 /* UIKit.framework in Frameworks */ = {isa = PBXBuildFile; fileRef = DBC25377190AAC7500F5B394 /* UIKit.framework */; };
		DBC2539D190AAC7500F5B394 /* InfoPlist.strings in Resources */ = {isa = PBXBuildFile; fileRef = DBC2539B190AAC7500F5B394 /* InfoPlist.strings */; };
		DBC2539F190AAC7500F5B394 /* ProgettoTests.m in Sources */ = {isa = PBXBuildFile; fileRef = DBC2539E190AAC7500F5B394 /* ProgettoTests.m */; };
/* End PBXBuildFile section */

/* Begin PBXContainerItemProxy section */
		DBC25396190AAC7500F5B394 /* PBXContainerItemProxy */ = {
			isa = PBXContainerItemProxy;
			containerPortal = DBC25368190AAC7500F5B394 /* Project object */;
			proxyType = 1;
			remoteGlobalIDString = DBC2536F190AAC7500F5B394;
			remoteInfo = Progetto;
		};
/* End PBXContainerItemProxy section */

/* Begin PBXFileReference section */
		DBC25370190AAC7500F5B394 /* Progetto.app */ = {isa = PBXFileReference; explicitFileType = wrapper.application; includeInIndex = 0; path = Progetto.app; sourceTree = BUILT_PRODUCTS_DIR; };
		DBC25373190AAC7500F5B394 /* Foundation.framework */ = {isa = PBXFileReference; lastKnownFileType = wrapper.framework; name = Foundation.framework; path = System/Library/Frameworks/Foundation.framework; sourceTree = SDKROOT; };
		DBC25375190AAC7500F5B394 /* CoreGraphics.framework */ = {isa = PBXFileReference; lastKnownFileType = wrapper.framework; name = CoreGraphics.framework; path = System/Library/Frameworks/CoreGraphics.framework; sourceTree = SDKROOT; };
		DBC25377190AAC7500F5B394 /* UIKit.framework */ = {isa = PBXFileReference; lastKnownFileType = wrapper.framework; name = UIKit.framework; path = System/Library/Frameworks/UIKit.framework; sourceTree = SDKROOT; };
		DBC2537B190AAC7500F5B394 /* Progetto-Info.plist */ = {isa = PBXFileReference; lastKnownFileType = text.plist.xml; path = "Progetto-Info.plist"; sourceTree = "<group>"; };
		DBC2537D190AAC7500F5B394 /* en */ = {isa = PBXFileReference; lastKnownFileType = text.plist.strings; name = en; path = en.lproj/InfoPlist.strings; sourceTree = "<group>"; };
		DBC2537F190AAC7500F5B394 /* main.m */ = {isa = PBXFileReference; lastKnownFileType = sourcecode.c.objc; path = main.m; sourceTree = "<group>"; };
		DBC25381190AAC7500F5B394 /* Progetto-Prefix.pch */ = {isa = PBXFileReference; lastKnownFileType = sourcecode.c.h; path = "Progetto-Prefix.pch"; sourceTree = "<group>"; };
		DBC25382190AAC7500F5B394 /* AppDelegate.h */ = {isa = PBXFileReference; lastKnownFileType = sourcecode.c.h; path = AppDelegate.h; sourceTree = "<group>"; };
		DBC25383190AAC7500F5B394 /* AppDelegate.m */ = {isa = PBXFileReference; lastKnownFileType = sourcecode.c.objc; path = AppDelegate.m; sourceTree = "<group>"; };
		DBC25386190AAC7500F5B394 /* Base */ = {isa = PBXFileReference; lastKnownFileType = file.storyboard; name = Base; path = Base.lproj/Main.storyboard; sourceTree = "<group>"; };
		DBC25388190AAC7500F5B394 /* ViewController.h */ = {isa = PBXFileReference; lastKnownFileType = sourcecode.c.h; path = ViewController.h; sourceTree = "<group>"; };
		DBC25389190AAC7500F5B394 /* ViewController.m */ = {isa = PBXFileReference; lastKnownFileType = sourcecode.c.objc; path = ViewController.m; sourceTree = "<group>"; };
		DBC2538B190AAC7500F5B394 /* Images.xcassets */ = {isa = PBXFileReference; lastKnownFileType = folder.assetcatalog; path = Images.xcassets; sourceTree = "<group>"; };
		DBC25391190AAC7500F5B394 /* ProgettoTests.xctest */ = {isa = PBXFileReference; explicitFileType = wrapper.cfbundle; includeInIndex = 0; path = ProgettoTests.xctest; sourceTree = BUILT_PRODUCTS_DIR; };
		DBC25392190AAC7500F5B394 /* XCTest.framework */ = {isa = PBXFileReference; lastKnownFileType = wrapper.framework; name = XCTest.framework; path = Library/Frameworks/XCTest.framework; sourceTree = DEVELOPER_DIR; };
		DBC2539A190AAC7500F5B394 /* ProgettoTests-Info.plist */ = {isa = PBXFileReference; lastKnownFileType = text.plist.xml; path = "ProgettoTests-Info.plist"; sourceTree = "<group>"; };
		DBC2539C190AAC7500F5B394 /* en */ = {isa = PBXFileReference; lastKnownFileType = text.plist.strings; name = en; path = en.lproj/InfoPlist.strings; sourceTree = "<group>"; };
		DBC2539E190AAC7500F5B394 /* ProgettoTests.m */ = {isa = PBXFileReference; lastKnownFileType = sourcecode.c.objc; path = ProgettoTests.m; sourceTree = "<group>"; };
/* End PBXFileReference section */

/* Begin PBXFrameworksBuildPhase section */
		DBC2536D190AAC7500F5B394 /* Frameworks */ = {
			isa = PBXFrameworksBuildPhase;
			buildActionMask = 2147483647;
			files = (
				DBC25376190AAC7500F5B394 /* CoreGraphics.framework in Frameworks */,
				DBC25378190AAC7500F5B394 /* UIKit.framework in Frameworks */,
				DBC25374190AAC7500F5B394 /* Foundation.framework in Frameworks */,
			);
			runOnlyForDeploymentPostprocessing = 0;
		};
		DBC2538E190AAC7500F5B394 /* Frameworks */ = {
			isa = PBXFrameworksBuildPhase;
			buildActionMask = 2147483647;
			files = (
				DBC25393190AAC7500F5B394 /* XCTest.framework in Frameworks */,
				DBC25395190AAC7500F5B394 /* UIKit.framework in Frameworks */,
				DBC25394190AAC7500F5B394 /* Foundation.framework in Frameworks */,
			);
			runOnlyForDeploymentPostprocessing = 0;
		};
/* End PBXFrameworksBuildPhase section */

/* Begin PBXGroup section */
		DBC25367190AAC7500F5B394 = {
			isa = PBXGroup;
			children = (
				DBC25379190AAC7500F5B394 /* Progetto */,
				DBC25398190AAC7500F5B394 /* ProgettoTests */,
				DBC25372190AAC7500F5B394 /* Frameworks */,
				DBC25371190AAC7500F5B394 /* Products */,
			);
			sourceTree = "<group>";
		};
		DBC25371190AAC7500F5B394 /* Products */ = {
			isa = PBXGroup;
			children = (
				DBC25370190AAC7500F5B394 /* Progetto.app */,
				DBC25391190AAC7500F5B394 /* ProgettoTests.xctest */,
			);
			name = Products;
			sourceTree = "<group>";
		};
		DBC25372190AAC7500F5B394 /* Frameworks */ = {
			isa = PBXGroup;
			children = (
				DBC25373190AAC7500F5B394 /* Foundation.framework */,
				DBC25375190AAC7500F5B394 /* CoreGraphics.framework */,
				DBC25377190AAC7500F5B394 /* UIKit.framework */,
				DBC25392190AAC7500F5B394 /* XCTest.framework */,
			);
			name = Frameworks;
			sourceTree = "<group>";
		};
		DBC25379190AAC7500F5B394 /* Progetto */ = {
			isa = PBXGroup;
			children = (
				DBC25382190AAC7500F5B394 /* AppDelegate.h */,
				DBC25383190AAC7500F5B394 /* AppDelegate.m */,
				DBC25385190AAC7500F5B394 /* Main.storyboard */,
				DBC25388190AAC7500F5B394 /* ViewController.h */,
				DBC25389190AAC7500F5B394 /* ViewController.m */,
				DBC2538B190AAC7500F5B394 /* Images.xcassets */,
				DBC2537A190AAC7500F5B394 /* Supporting Files */,
			);
			path = Progetto;
			sourceTree = "<group>";
		};
		DBC2537A190AAC7500F5B394 /* Supporting Files */ = {
			isa = PBXGroup;
			children = (
				DBC2537B190AAC7500F5B394 /* Progetto-Info.plist */,
				DBC2537C190AAC7500F5B394 /* InfoPlist.strings */,
				DBC2537F190AAC7500F5B394 /* main.m */,
				DBC25381190AAC7500F5B394 /* Progetto-Prefix.pch */,
			);
			name = "Supporting Files";
			sourceTree = "<group>";
		};
		DBC25398190AAC7500F5B394 /* ProgettoTests */ = {
			isa = PBXGroup;
			children = (
				DBC2539E190AAC7500F5B394 /* ProgettoTests.m */,
				DBC25399190AAC7500F5B394 /* Supporting Files */,
			);
			path = ProgettoTests;
			sourceTree = "<group>";
		};
		DBC25399190AAC7500F5B394 /* Supporting Files */ = {
			isa = PBXGroup;
			children = (
				DBC2539A190AAC7500F5B394 /* ProgettoTests-Info.plist */,
				DBC2539B190AAC7500F5B394 /* InfoPlist.strings */,
			);
			name = "Supporting Files";
			sourceTree = "<group>";
		};
/* End PBXGroup section */

/* Begin PBXNativeTarget section */
		DBC2536F190AAC7500F5B394 /* Progetto */ = {
			isa = PBXNativeTarget;
			buildConfigurationList = DBC253A2190AAC7500F5B394 /* Build configuration list for PBXNativeTarget "Progetto" */;
			buildPhases = (
				DBC2536C190AAC7500F5B394 /* Sources */,
				DBC2536D190AAC7500F5B394 /* Frameworks */,
				DBC2536E190AAC7500F5B394 /* Resources */,
			);
			buildRules = (
			);
			dependencies = (
			);
			name = Progetto;
			productName = Progetto;
			productReference = DBC25370190AAC7500F5B394 /* Progetto.app */;
			productType = "com.apple.product-type.application";
		};
		DBC25390190AAC7500F5B394 /* ProgettoTests */ = {
			isa = PBXNativeTarget;
			buildConfigurationList = DBC253A5190AAC7500F5B394 /* Build configuration list for PBXNativeTarget "ProgettoTests" */;
			buildPhases = (
				DBC2538D190AAC7500F5B394 /* Sources */,
				DBC2538E190AAC7500F5B394 /* Frameworks */,
				DBC2538F190AAC7500F5B394 /* Resources */,
			);
			buildRules = (
			);
			dependencies = (
				DBC25397190AAC7500F5B394 /* PBXTargetDependency */,
			);
			name = ProgettoTests;
			productName = ProgettoTests;
			productReference = DBC25391190AAC7500F5B394 /* ProgettoTests.xctest */;
			productType = "com.apple.product-type.bundle.unit-test";
		};
/* End PBXNativeTarget section */

/* Begin PBXProject section */
		DBC25368190AAC7500F5B394 /* Project object */ = {
			isa = PBXProject;
			attributes = {
				LastUpgradeCheck = 0510;
				ORGANIZATIONNAME = "___FULLUSERNAME___";
				TargetAttributes = {
					DBC25390190AAC7500F5B394 = {
						TestTargetID = DBC2536F190AAC7500F5B394;
					};
				};
			};
			buildConfigurationList = DBC2536B190AAC7500F5B394 /* Build configuration list for PBXProject "Progetto" */;
			compatibilityVersion = "Xcode 3.2";
			developmentRegion = English;
			hasScannedForEncodings = 0;
			knownRegions = (
				en,
				Base,
			);
			mainGroup = DBC25367190AAC7500F5B394;
			productRefGroup = DBC25371190AAC7500F5B394 /* Products */;
			projectDirPath = "";
			projectRoot = "";
			targets = (
				DBC2536F190AAC7500F5B394 /* Progetto */,
				DBC25390190AAC7500F5B394 /* ProgettoTests */,
			);
		};
/* End PBXProject section */

/* Begin PBXResourcesBuildPhase section */
		DBC2536E190AAC7500F5B394 /* Resources */ = {
			isa = PBXResourcesBuildPhase;
			buildActionMask = 2147483647;
			files = (
				DBC2538C190AAC7500F5B394 /* Images.xcassets in Resources */,
				DBC2537E190AAC7500F5B394 /* InfoPlist.strings in Resources */,
				DBC25387190AAC7500F5B394 /* Main.storyboard in Resources */,
			);
			runOnlyForDeploymentPostprocessing = 0;
		};
		DBC2538F190AAC7500F5B394 /* Resources */ = {
			isa = PBXResourcesBuildPhase;
			buildActionMask = 2147483647;
			files = (
				DBC2539D190AAC7500F5B394 /* InfoPlist.strings in Resources */,
			);
			runOnlyForDeploymentPostprocessing = 0;
		};
/* End PBXResourcesBuildPhase section */

/* Begin PBXSourcesBuildPhase section */
		DBC2536C190AAC7500F5B394 /* Sources */ = {
			isa = PBXSourcesBuildPhase;
			buildActionMask = 2147483647;
			files = (
				DBC2538A190AAC7500F5B394 /* ViewController.m in Sources */,
				DBC25384190AAC7500F5B394 /* AppDelegate.m in Sources */,
				DBC25380190AAC7500F5B394 /* main.m in Sources */,
			);
			runOnlyForDeploymentPostprocessing = 0;
		};
		DBC2538D190AAC7500F5B394 /* Sources */ = {
			isa = PBXSourcesBuildPhase;
			buildActionMask = 2147483647;
			files = (
				DBC2539F190AAC7500F5B394 /* ProgettoTests.m in Sources */,
			);
			runOnlyForDeploymentPostprocessing = 0;
		};
/* End PBXSourcesBuildPhase section */

/* Begin PBXTargetDependency section */
		DBC25397190AAC7500F5B394 /* PBXTargetDependency */ = {
			isa = PBXTargetDependency;
			target = DBC2536F190AAC7500F5B394 /* Progetto */;
			targetProxy = DBC25396190AAC7500F5B394 /* PBXContainerItemProxy */;
		};
/* End PBXTargetDependency section */

/* Begin PBXVariantGroup section */
		DBC2537C190AAC7500F5B394 /* InfoPlist.strings */ = {
			isa = PBXVariantGroup;
			children = (
				DBC2537D190AAC7500F5B394 /* en */,
			);
			name = InfoPlist.strings;
			sourceTree = "<group>";
		};
		DBC25385190AAC7500F5B394 /* Main.storyboard */ = {
			isa = PBXVariantGroup;
			children = (
				DBC25386190AAC7500F5B394 /* Base */,
			);
			name = Main.storyboard;
			sourceTree = "<group>";
		};
		DBC2539B190AAC7500F5B394 /* InfoPlist.strings */ = {
			isa = PBXVariantGroup;
			children = (
				DBC2539C190AAC7500F5B394 /* en */,
			);
			name = InfoPlist.strings;
			sourceTree = "<group>";
		};
/* End PBXVariantGroup section */

/* Begin XCBuildConfiguration section */
		DBC253A0190AAC7500F5B394 /* Debug */ = {
			isa = XCBuildConfiguration;
			buildSettings = {
				ALWAYS_SEARCH_USER_PATHS = NO;
				CLANG_CXX_LANGUAGE_STANDARD = "gnu++0x";
				CLANG_CXX_LIBRARY = "libc++";
				CLANG_ENABLE_MODULES = YES;
				CLANG_ENABLE_OBJC_ARC = YES;
				CLANG_WARN_BOOL_CONVERSION = YES;
				CLANG_WARN_CONSTANT_CONVERSION = YES;
				CLANG_WARN_DIRECT_OBJC_ISA_USAGE = YES_ERROR;
				CLANG_WARN_EMPTY_BODY = YES;
				CLANG_WARN_ENUM_CONVERSION = YES;
				CLANG_WARN_INT_CONVERSION = YES;
				CLANG_WARN_OBJC_ROOT_CLASS = YES_ERROR;
				CLANG_WARN__DUPLICATE_METHOD_MATCH = YES;
				"CODE_SIGN_IDENTITY[sdk=iphoneos*]" = "iPhone Developer";
				COPY_PHASE_STRIP = NO;
				GCC_C_LANGUAGE_STANDARD = gnu99;
				GCC_DYNAMIC_NO_PIC = NO;
				GCC_OPTIMIZATION_LEVEL = 0;
				GCC_PREPROCESSOR_DEFINITIONS = (
					"DEBUG=1",
					"$(inherited)",
				);
				GCC_SYMBOLS_PRIVATE_EXTERN = NO;
				GCC_WARN_64_TO_32_BIT_CONVERSION = YES;
				GCC_WARN_ABOUT_RETURN_TYPE = YES_ERROR;
				GCC_WARN_UNDECLARED_SELECTOR = YES;
				GCC_WARN_UNINITIALIZED_AUTOS = YES_AGGRESSIVE;
				GCC_WARN_UNUSED_FUNCTION = YES;
				GCC_WARN_UNUSED_VARIABLE = YES;
				IPHONEOS_DEPLOYMENT_TARGET = 7.1;
				ONLY_ACTIVE_ARCH = YES;
				SDKROOT = iphoneos;
				TARGETED_DEVICE_FAMILY = 2;
			};
			name = Debug;
		};
		DBC253A1190AAC7500F5B394 /* Release */ = {
			isa = XCBuildConfiguration;
			buildSettings = {
				ALWAYS_SEARCH_USER_PATHS = NO;
				CLANG_CXX_LANGUAGE_STANDARD = "gnu++0x";
				CLANG_CXX_LIBRARY = "libc++";
				CLANG_ENABLE_MODULES = YES;
				CLANG_ENABLE_OBJC_ARC = YES;
				CLANG_WARN_BOOL_CONVERSION = YES;
				CLANG_WARN_CONSTANT_CONVERSION = YES;
				CLANG_WARN_DIRECT_OBJC_ISA_USAGE = YES_ERROR;
				CLANG_WARN_EMPTY_BODY = YES;
				CLANG_WARN_ENUM_CONVERSION = YES;
				CLANG_WARN_INT_CONVERSION = YES;
				CLANG_WARN_OBJC_ROOT_CLASS = YES_ERROR;
				CLANG_WARN__DUPLICATE_METHOD_MATCH = YES;
				"CODE_SIGN_IDENTITY[sdk=iphoneos*]" = "iPhone Developer";
				COPY_PHASE_STRIP = YES;
				ENABLE_NS_ASSERTIONS = NO;
				GCC_C_LANGUAGE_STANDARD = gnu99;
				GCC_WARN_64_TO_32_BIT_CONVERSION = YES;
				GCC_WARN_ABOUT_RETURN_TYPE = YES_ERROR;
				GCC_WARN_UNDECLARED_SELECTOR = YES;
				GCC_WARN_UNINITIALIZED_AUTOS = YES_AGGRESSIVE;
				GCC_WARN_UNUSED_FUNCTION = YES;
				GCC_WARN_UNUSED_VARIABLE = YES;
				IPHONEOS_DEPLOYMENT_TARGET = 7.1;
				SDKROOT = iphoneos;
				TARGETED_DEVICE_FAMILY = 2;
				VALIDATE_PRODUCT = YES;
			};
			name = Release;
		};
		DBC253A3190AAC7500F5B394 /* Debug */ = {
			isa = XCBuildConfiguration;
			buildSettings = {
				ASSETCATALOG_COMPILER_APPICON_NAME = AppIcon;
				ASSETCATALOG_COMPILER_LAUNCHIMAGE_NAME = LaunchImage;
				GCC_PRECOMPILE_PREFIX_HEADER = YES;
				GCC_PREFIX_HEADER = "Progetto/Progetto-Prefix.pch";
				INFOPLIST_FILE = "Progetto/Progetto-Info.plist";
				PRODUCT_NAME = "$(TARGET_NAME)";
				WRAPPER_EXTENSION = app;
			};
			name = Debug;
		};
		DBC253A4190AAC7500F5B394 /* Release */ = {
			isa = XCBuildConfiguration;
			buildSettings = {
				ASSETCATALOG_COMPILER_APPICON_NAME = AppIcon;
				ASSETCATALOG_COMPILER_LAUNCHIMAGE_NAME = LaunchImage;
				GCC_PRECOMPILE_PREFIX_HEADER = YES;
				GCC_PREFIX_HEADER = "Progetto/Progetto-Prefix.pch";
				INFOPLIST_FILE = "Progetto/Progetto-Info.plist";
				PRODUCT_NAME = "$(TARGET_NAME)";
				WRAPPER_EXTENSION = app;
			};
			name = Release;
		};
		DBC253A6190AAC7500F5B394 /* Debug */ = {
			isa = XCBuildConfiguration;
			buildSettings = {
				BUNDLE_LOADER = "$(BUILT_PRODUCTS_DIR)/Progetto.app/Progetto";
				FRAMEWORK_SEARCH_PATHS = (
					"$(SDKROOT)/Developer/Library/Frameworks",
					"$(inherited)",
					"$(DEVELOPER_FRAMEWORKS_DIR)",
				);
				GCC_PRECOMPILE_PREFIX_HEADER = YES;
				GCC_PREFIX_HEADER = "Progetto/Progetto-Prefix.pch";
				GCC_PREPROCESSOR_DEFINITIONS = (
					"DEBUG=1",
					"$(inherited)",
				);
				INFOPLIST_FILE = "ProgettoTests/ProgettoTests-Info.plist";
				PRODUCT_NAME = "$(TARGET_NAME)";
				TEST_HOST = "$(BUNDLE_LOADER)";
				WRAPPER_EXTENSION = xctest;
			};
			name = Debug;
		};
		DBC253A7190AAC7500F5B394 /* Release */ = {
			isa = XCBuildConfiguration;
			buildSettings = {
				BUNDLE_LOADER = "$(BUILT_PRODUCTS_DIR)/Progetto.app/Progetto";
				FRAMEWORK_SEARCH_PATHS = (
					"$(SDKROOT)/Developer/Library/Frameworks",
					"$(inherited)",
					"$(DEVELOPER_FRAMEWORKS_DIR)",
				);
				GCC_PRECOMPILE_PREFIX_HEADER = YES;
				GCC_PREFIX_HEADER = "Progetto/Progetto-Prefix.pch";
				INFOPLIST_FILE = "ProgettoTests/ProgettoTests-Info.plist";
				PRODUCT_NAME = "$(TARGET_NAME)";
				TEST_HOST = "$(BUNDLE_LOADER)";
				WRAPPER_EXTENSION = xctest;
			};
			name = Release;
		};
/* End XCBuildConfiguration section */

/* Begin XCConfigurationList section */
		DBC2536B190AAC7500F5B394 /* Build configuration list for PBXProject "Progetto" */ = {
			isa = XCConfigurationList;
			buildConfigurations = (
				DBC253A0190AAC7500F5B394 /* Debug */,
				DBC253A1190AAC7500F5B394 /* Release */,
			);
			defaultConfigurationIsVisible = 0;
			defaultConfigurationName = Release;
		};
		DBC253A2190AAC7500F5B394 /* Build configuration list for PBXNativeTarget "Progetto" */ = {
			isa = XCConfigurationList;
			buildConfigurations = (
				DBC253A3190AAC7500F5B394 /* Debug */,
				DBC253A4190AAC7500F5B394 /* Release */,
			);
			defaultConfigurationIsVisible = 0;
		};
		DBC253A5190AAC7500F5B394 /* Build configuration list for PBXNativeTarget "ProgettoTests" */ = {
			isa = XCConfigurationList;
			buildConfigurations = (
				DBC253A6190AAC7500F5B394 /* Debug */,
				DBC253A7190AAC7500F5B394 /* Release */,
			);
			defaultConfigurationIsVisible = 0;
		};
/* End XCConfigurationList section */
	};
	rootObject = DBC25368190AAC7500F5B394 /* Project object */;
}
